
Microsoft Visual Studio Solution File, Format Version 12.00
# Visual Studio Version 16
VisualStudioVersion = 25.0.1700.7
MinimumVisualStudioVersion = 10.0.40219.1
Project("{FAE04EC0-301F-11D3-BF4B-00C04F79EFBC}") = "IndicesReferentialApi", "IndicesReferentialApi\IndicesReferentialApi.csproj", "{10E8B384-B6B5-4819-A75C-3AC5F720FB75}"
EndProject
Global
	GlobalSection(SolutionConfigurationPlatforms) = preSolution
		Debug|Any CPU = Debug|Any CPU
		Release|Any CPU = Release|Any CPU
	EndGlobalSection
	GlobalSection(ProjectConfigurationPlatforms) = postSolution
		{10E8B384-B6B5-4819-A75C-3AC5F720FB75}.Debug|Any CPU.ActiveCfg = Debug|Any CPU
		{10E8B384-B6B5-4819-A75C-3AC5F720FB75}.Debug|Any CPU.Build.0 = Debug|Any CPU
		{10E8B384-B6B5-4819-A75C-3AC5F720FB75}.Release|Any CPU.ActiveCfg = Release|Any CPU
		{10E8B384-B6B5-4819-A75C-3AC5F720FB75}.Release|Any CPU.Build.0 = Release|Any CPU
	EndGlobalSection
	GlobalSection(SolutionProperties) = preSolution
		HideSolutionNode = FALSE
	EndGlobalSection
	GlobalSection(ExtensibilityGlobals) = postSolution
		SolutionGuid = {8F5215DA-B70A-4415-B9A6-56F6EB9C9EFC}
	EndGlobalSection
EndGlobal
